{
    "_readme": [
        "This file locks the dependencies of your project to a known state",
        "Read more about it at https://getcomposer.org/doc/01-basic-usage.md#installing-dependencies",
        "This file is @generated automatically"
    ],
    "content-hash": "82ccf865108d441c4ebcc292ceb29dc5",
    "packages": [
        {
            "name": "sendpulse/rest-api",
            "version": "2.0.1.2",
            "source": {
                "type": "git",
                "url": "https://github.com/sendpulse/sendpulse-rest-api-php.git",
                "reference": "457ca31c0ff3a3f849182d053d50928085d432ae"
            },
            "require": {
                "ext-curl": "*",
                "ext-json": "*",
                "php": ">=7.1.0"
            },
            "type": "library",
            "autoload": {
                "psr-4": {
                    "Sendpulse\\RestApi\\": "src/"
                }
            },
            "license": [
                "MIT"
            ],
            "authors": [
                {
                    "name": "Maksym Ustymenko",
                    "email": "m.ustymenko@sendpulse.com"
                },
                {
                    "name": "Alexey Moroz",
                    "email": "a.moroz@sendpulse.com"
                },
                {
                    "name": "Evgeniy Bilovol",
                    "email": "e.bilovol@sendpulse.com"
                }
            ],
            "description": "Sendpulse REST API client library",
            "keywords": [
                "api",
                "rest",
                "sendpulse"
            ],
            "time": "2024-06-03T10:49:25+00:00"
        }
    ],
    "packages-dev": [],
    "aliases": [],
    "minimum-stability": "stable",
    "stability-flags": [],
    "prefer-stable": false,
    "prefer-lowest": false,
    "platform": [],
    "platform-dev": [],
    "plugin-api-version": "2.6.0"
}
